<?xml version="1.0" encoding="utf-8"?>
<Project ToolsVersion="4.0" xmlns="http://schemas.microsoft.com/developer/msbuild/2003">
  <ItemGroup>
    <Filter Include="src">
      <UniqueIdentifier>{dc86317a-d83e-408f-b056-a41f8b79ea18}</UniqueIdentifier>
    </Filter>
    <Filter Include="Generated Files">
      <UniqueIdentifier>{71ED8ED8-ACB9-4CE9-BBE1-E00B30144E11}</UniqueIdentifier>
      <Extensions>moc;h;cpp</Extensions>
      <ParseFiles>true</ParseFiles>
    </Filter>
  </ItemGroup>
  <ItemGroup>
    <ClCompile Include="src\Data.cpp">
      <Filter>src</Filter>
    </ClCompile>
    <ClCompile Include="src\main.cpp">
      <Filter>src</Filter>
    </ClCompile>
    <ClCompile Include="src\MainWindow.cpp">
      <Filter>src</Filter>
    </ClCompile>
    <ClCompile Include="src\pch.cpp">
      <Filter>src</Filter>
    </ClCompile>
    <ClCompile Include="src\DataInputWidget.cpp">
      <Filter>src</Filter>
    </ClCompile>
    <ClCompile Include="GeneratedFiles\Debug\moc_DataInputWidget.cpp">
      <Filter>Generated Files</Filter>
    </ClCompile>
    <ClCompile Include="GeneratedFiles\Release\moc_DataInputWidget.cpp">
      <Filter>Generated Files</Filter>
    </ClCompile>
    <ClCompile Include="src\EvalValue.cpp">
      <Filter>src</Filter>
    </ClCompile>
    <ClCompile Include="src\StringUtil.cpp">
      <Filter>src</Filter>
    </ClCompile>
    <ClCompile Include="src\HistoryWidget.cpp">
      <Filter>src</Filter>
    </ClCompile>
    <ClCompile Include="src\ValueDisplayWidget.cpp">
      <Filter>src</Filter>
    </ClCompile>
    <ClCompile Include="src\ResultWidget.cpp">
      <Filter>src</Filter>
    </ClCompile>
    <ClCompile Include="src\FiltersWidget.cpp">
      <Filter>src</Filter>
    </ClCompile>
    <ClCompile Include="GeneratedFiles\Debug\moc_FiltersWidget.cpp">
      <Filter>Generated Files</Filter>
    </ClCompile>
    <ClCompile Include="GeneratedFiles\Release\moc_FiltersWidget.cpp">
      <Filter>Generated Files</Filter>
    </ClCompile>
    <ClCompile Include="src\HistoryWindow.cpp">
      <Filter>src</Filter>
    </ClCompile>
  </ItemGroup>
  <ItemGroup>
    <ClInclude Include="src\Data.h">
      <Filter>src</Filter>
    </ClInclude>
    <ClInclude Include="src\MainWindow.h">
      <Filter>src</Filter>
    </ClInclude>
    <ClInclude Include="src\pch.h">
      <Filter>src</Filter>
    </ClInclude>
    <ClInclude Include="src\EvalValue.h">
      <Filter>src</Filter>
    </ClInclude>
    <ClInclude Include="src\StringUtil.h">
      <Filter>src</Filter>
    </ClInclude>
    <ClInclude Include="src\HistoryWidget.h">
      <Filter>src</Filter>
    </ClInclude>
    <ClInclude Include="src\ValueDisplayWidget.h">
      <Filter>src</Filter>
    </ClInclude>
    <ClInclude Include="src\ResultWidget.h">
      <Filter>src</Filter>
    </ClInclude>
    <ClInclude Include="src\FilterOptions.h">
      <Filter>src</Filter>
    </ClInclude>
    <ClInclude Include="src\HistoryWindow.h">
      <Filter>src</Filter>
    </ClInclude>
  </ItemGroup>
  <ItemGroup>
    <CustomBuild Include="src\DataInputWidget.h">
      <Filter>src</Filter>
    </CustomBuild>
    <CustomBuild Include="src\FiltersWidget.h">
      <Filter>src</Filter>
    </CustomBuild>
  </ItemGroup>
</Project>